
Microsoft Visual Studio Solution File, Format Version 12.00
# Visual Studio Version 17
VisualStudioVersion = 17.2.32519.379
MinimumVisualStudioVersion = 10.0.40219.1
Project("{FAE04EC0-301F-11D3-BF4B-00C04F79EFBC}") = "davatakipoto", "davatakipoto\davatakipoto.csproj", "{1D1146CB-347A-4CB3-ABE7-4A7BB8D86342}"
EndProject
Global
	GlobalSection(SolutionConfigurationPlatforms) = preSolution
		Debug|Any CPU = Debug|Any CPU
		Release|Any CPU = Release|Any CPU
	EndGlobalSection
	GlobalSection(ProjectConfigurationPlatforms) = postSolution
		{1D1146CB-347A-4CB3-ABE7-4A7BB8D86342}.Debug|Any CPU.ActiveCfg = Debug|Any CPU
		{1D1146CB-347A-4CB3-ABE7-4A7BB8D86342}.Debug|Any CPU.Build.0 = Debug|Any CPU
		{1D1146CB-347A-4CB3-ABE7-4A7BB8D86342}.Release|Any CPU.ActiveCfg = Release|Any CPU
		{1D1146CB-347A-4CB3-ABE7-4A7BB8D86342}.Release|Any CPU.Build.0 = Release|Any CPU
	EndGlobalSection
	GlobalSection(SolutionProperties) = preSolution
		HideSolutionNode = FALSE
	EndGlobalSection
	GlobalSection(ExtensibilityGlobals) = postSolution
		SolutionGuid = {D3F8B9CA-A906-4040-9147-BE9DDEB1FC24}
	EndGlobalSection
EndGlobal
